
Microsoft Visual Studio Solution File, Format Version 12.00
# Visual Studio Version 16
VisualStudioVersion = 16.0.28803.156
MinimumVisualStudioVersion = 10.0.40219.1
Project("{FAE04EC0-301F-11D3-BF4B-00C04F79EFBC}") = "LLLow_EmpPay", "LLLow_EmpPay\LLLow_EmpPay.csproj", "{A4CACA28-A733-40E6-8BFB-279A8CCA655B}"
EndProject
Global
	GlobalSection(SolutionConfigurationPlatforms) = preSolution
		Debug|Any CPU = Debug|Any CPU
		Release|Any CPU = Release|Any CPU
	EndGlobalSection
	GlobalSection(ProjectConfigurationPlatforms) = postSolution
		{A4CACA28-A733-40E6-8BFB-279A8CCA655B}.Debug|Any CPU.ActiveCfg = Debug|Any CPU
		{A4CACA28-A733-40E6-8BFB-279A8CCA655B}.Debug|Any CPU.Build.0 = Debug|Any CPU
		{A4CACA28-A733-40E6-8BFB-279A8CCA655B}.Release|Any CPU.ActiveCfg = Release|Any CPU
		{A4CACA28-A733-40E6-8BFB-279A8CCA655B}.Release|Any CPU.Build.0 = Release|Any CPU
	EndGlobalSection
	GlobalSection(SolutionProperties) = preSolution
		HideSolutionNode = FALSE
	EndGlobalSection
	GlobalSection(ExtensibilityGlobals) = postSolution
		SolutionGuid = {5AB53B47-5D85-4DCB-8A32-E77D223A09C8}
	EndGlobalSection
EndGlobal
